
Microsoft Visual Studio Solution File, Format Version 12.00
# Visual Studio Version 16
VisualStudioVersion = 16.0.29215.179
MinimumVisualStudioVersion = 10.0.40219.1
Project("{FAE04EC0-301F-11D3-BF4B-00C04F79EFBC}") = "TCMB", "TCMB\TCMB.csproj", "{367E388E-C87E-4D7D-A99E-87BBBC094FA9}"
EndProject
Global
	GlobalSection(SolutionConfigurationPlatforms) = preSolution
		Debug|Any CPU = Debug|Any CPU
		Release|Any CPU = Release|Any CPU
	EndGlobalSection
	GlobalSection(ProjectConfigurationPlatforms) = postSolution
		{367E388E-C87E-4D7D-A99E-87BBBC094FA9}.Debug|Any CPU.ActiveCfg = Debug|Any CPU
		{367E388E-C87E-4D7D-A99E-87BBBC094FA9}.Debug|Any CPU.Build.0 = Debug|Any CPU
		{367E388E-C87E-4D7D-A99E-87BBBC094FA9}.Release|Any CPU.ActiveCfg = Release|Any CPU
		{367E388E-C87E-4D7D-A99E-87BBBC094FA9}.Release|Any CPU.Build.0 = Release|Any CPU
	EndGlobalSection
	GlobalSection(SolutionProperties) = preSolution
		HideSolutionNode = FALSE
	EndGlobalSection
	GlobalSection(ExtensibilityGlobals) = postSolution
		SolutionGuid = {06247AFC-52E7-409D-BA82-2F84E59E5B69}
	EndGlobalSection
EndGlobal
